
Microsoft Visual Studio Solution File, Format Version 12.00
# Visual Studio Version 16
VisualStudioVersion = 16.0.29318.209
MinimumVisualStudioVersion = 10.0.40219.1
Project("{F184B08F-C81C-45F6-A57F-5ABD9991F28F}") = "Stoka", "Stoka.vbproj", "{F2DABF19-46C5-4267-855D-E03233DACDA6}"
EndProject
Global
	GlobalSection(SolutionConfigurationPlatforms) = preSolution
		Debug|Any CPU = Debug|Any CPU
		Release|Any CPU = Release|Any CPU
	EndGlobalSection
	GlobalSection(ProjectConfigurationPlatforms) = postSolution
		{F2DABF19-46C5-4267-855D-E03233DACDA6}.Debug|Any CPU.ActiveCfg = Debug|Any CPU
		{F2DABF19-46C5-4267-855D-E03233DACDA6}.Debug|Any CPU.Build.0 = Debug|Any CPU
		{F2DABF19-46C5-4267-855D-E03233DACDA6}.Release|Any CPU.ActiveCfg = Release|Any CPU
		{F2DABF19-46C5-4267-855D-E03233DACDA6}.Release|Any CPU.Build.0 = Release|Any CPU
	EndGlobalSection
	GlobalSection(SolutionProperties) = preSolution
		HideSolutionNode = FALSE
	EndGlobalSection
	GlobalSection(ExtensibilityGlobals) = postSolution
		SolutionGuid = {90457935-C4C2-4A74-AF02-1168E0D1A4BD}
	EndGlobalSection
EndGlobal
